
Microsoft Visual Studio Solution File, Format Version 12.00
# Visual Studio Version 16
VisualStudioVersion = 16.0.31624.102
MinimumVisualStudioVersion = 10.0.40219.1
Project("{FAE04EC0-301F-11D3-BF4B-00C04F79EFBC}") = "Kenkata_Products_Administration.Server", "Kenkata_Products_Administration\Server\Kenkata_Products_Administration.Server.csproj", "{3A76B6B7-FE4A-4DFA-BAF9-5E666D71DD72}"
EndProject
Project("{FAE04EC0-301F-11D3-BF4B-00C04F79EFBC}") = "Kenkata_Products_Administration.Client", "Kenkata_Products_Administration\Client\Kenkata_Products_Administration.Client.csproj", "{72DBD4FF-4A72-4D81-81C8-A3B2F100EB9F}"
EndProject
Project("{FAE04EC0-301F-11D3-BF4B-00C04F79EFBC}") = "Kenkata_Products_Administration.Shared", "Kenkata_Products_Administration\Shared\Kenkata_Products_Administration.Shared.csproj", "{91064C16-CF99-4F4D-978F-31F08236CFC5}"
EndProject
Global
	GlobalSection(SolutionConfigurationPlatforms) = preSolution
		Debug|Any CPU = Debug|Any CPU
		Release|Any CPU = Release|Any CPU
	EndGlobalSection
	GlobalSection(ProjectConfigurationPlatforms) = postSolution
		{3A76B6B7-FE4A-4DFA-BAF9-5E666D71DD72}.Debug|Any CPU.ActiveCfg = Debug|Any CPU
		{3A76B6B7-FE4A-4DFA-BAF9-5E666D71DD72}.Debug|Any CPU.Build.0 = Debug|Any CPU
		{3A76B6B7-FE4A-4DFA-BAF9-5E666D71DD72}.Release|Any CPU.ActiveCfg = Release|Any CPU
		{3A76B6B7-FE4A-4DFA-BAF9-5E666D71DD72}.Release|Any CPU.Build.0 = Release|Any CPU
		{72DBD4FF-4A72-4D81-81C8-A3B2F100EB9F}.Debug|Any CPU.ActiveCfg = Debug|Any CPU
		{72DBD4FF-4A72-4D81-81C8-A3B2F100EB9F}.Debug|Any CPU.Build.0 = Debug|Any CPU
		{72DBD4FF-4A72-4D81-81C8-A3B2F100EB9F}.Release|Any CPU.ActiveCfg = Release|Any CPU
		{72DBD4FF-4A72-4D81-81C8-A3B2F100EB9F}.Release|Any CPU.Build.0 = Release|Any CPU
		{91064C16-CF99-4F4D-978F-31F08236CFC5}.Debug|Any CPU.ActiveCfg = Debug|Any CPU
		{91064C16-CF99-4F4D-978F-31F08236CFC5}.Debug|Any CPU.Build.0 = Debug|Any CPU
		{91064C16-CF99-4F4D-978F-31F08236CFC5}.Release|Any CPU.ActiveCfg = Release|Any CPU
		{91064C16-CF99-4F4D-978F-31F08236CFC5}.Release|Any CPU.Build.0 = Release|Any CPU
	EndGlobalSection
	GlobalSection(SolutionProperties) = preSolution
		HideSolutionNode = FALSE
	EndGlobalSection
	GlobalSection(ExtensibilityGlobals) = postSolution
		SolutionGuid = {D0581261-D488-4C9E-857B-9781F8A9DFB0}
	EndGlobalSection
EndGlobal
