
Microsoft Visual Studio Solution File, Format Version 12.00
# Visual Studio Version 16
VisualStudioVersion = 16.0.31624.102
MinimumVisualStudioVersion = 10.0.40219.1
Project("{FAE04EC0-301F-11D3-BF4B-00C04F79EFBC}") = "Kenkata_Products_Administration", "Kenkata_Products_Administration\Kenkata_Products_Administration.csproj", "{5388DD9C-5C81-4517-8E2E-33C22AC7C007}"
EndProject
Global
	GlobalSection(SolutionConfigurationPlatforms) = preSolution
		Debug|Any CPU = Debug|Any CPU
		Release|Any CPU = Release|Any CPU
	EndGlobalSection
	GlobalSection(ProjectConfigurationPlatforms) = postSolution
		{5388DD9C-5C81-4517-8E2E-33C22AC7C007}.Debug|Any CPU.ActiveCfg = Debug|Any CPU
		{5388DD9C-5C81-4517-8E2E-33C22AC7C007}.Debug|Any CPU.Build.0 = Debug|Any CPU
		{5388DD9C-5C81-4517-8E2E-33C22AC7C007}.Release|Any CPU.ActiveCfg = Release|Any CPU
		{5388DD9C-5C81-4517-8E2E-33C22AC7C007}.Release|Any CPU.Build.0 = Release|Any CPU
	EndGlobalSection
	GlobalSection(SolutionProperties) = preSolution
		HideSolutionNode = FALSE
	EndGlobalSection
	GlobalSection(ExtensibilityGlobals) = postSolution
		SolutionGuid = {01F3AD06-F440-476B-B86B-C75FD4CA52BC}
	EndGlobalSection
EndGlobal
